
Microsoft Visual Studio Solution File, Format Version 12.00
# Visual Studio Version 17
VisualStudioVersion = 17.3.32929.385
MinimumVisualStudioVersion = 10.0.40219.1
Project("{FAE04EC0-301F-11D3-BF4B-00C04F79EFBC}") = "CarthageCRUD", "CarthageCRUD.csproj", "{4D40F052-2018-4036-9C1A-FA7C0C6CFA62}"
EndProject
Global
	GlobalSection(SolutionConfigurationPlatforms) = preSolution
		Debug|Any CPU = Debug|Any CPU
		Release|Any CPU = Release|Any CPU
	EndGlobalSection
	GlobalSection(ProjectConfigurationPlatforms) = postSolution
		{4D40F052-2018-4036-9C1A-FA7C0C6CFA62}.Debug|Any CPU.ActiveCfg = Debug|Any CPU
		{4D40F052-2018-4036-9C1A-FA7C0C6CFA62}.Debug|Any CPU.Build.0 = Debug|Any CPU
		{4D40F052-2018-4036-9C1A-FA7C0C6CFA62}.Release|Any CPU.ActiveCfg = Release|Any CPU
		{4D40F052-2018-4036-9C1A-FA7C0C6CFA62}.Release|Any CPU.Build.0 = Release|Any CPU
	EndGlobalSection
	GlobalSection(SolutionProperties) = preSolution
		HideSolutionNode = FALSE
	EndGlobalSection
	GlobalSection(ExtensibilityGlobals) = postSolution
		SolutionGuid = {014FD4EF-EA83-49B4-BE98-47813C18A5E8}
	EndGlobalSection
EndGlobal
